# This file is automatically @generated by Cargo.
# It is not intended for manual editing.
version = 3

[[package]]
name = "cublas-sys"
version = "0.1.0"
source = "registry+https://github.com/rust-lang/crates.io-index"
checksum = "c4c2ac9e8bc7488ef24db3b6b98117cf2cb865d346d21a5d5967b00364714633"
dependencies = [
 "libc",
 "pkg-config",
]

[[package]]
name = "cuda-config"
version = "0.1.0"
source = "registry+https://github.com/rust-lang/crates.io-index"
checksum = "4ee74643f7430213a1a78320f88649de309b20b80818325575e393f848f79f5d"
dependencies = [
 "glob",
]

[[package]]
name = "cuda-runtime-sys"
version = "0.3.0-alpha.1"
source = "registry+https://github.com/rust-lang/crates.io-index"
checksum = "5d070b301187fee3c611e75a425cf12247b7c75c09729dbdef95cb9cb64e8c39"
dependencies = [
 "cuda-config",
]

[[package]]
name = "glob"
version = "0.3.1"
source = "registry+https://github.com/rust-lang/crates.io-index"
checksum = "d2fabcfbdc87f4758337ca535fb41a6d701b65693ce38287d856d1674551ec9b"

[[package]]
name = "libc"
version = "0.2.140"
source = "registry+https://github.com/rust-lang/crates.io-index"
checksum = "99227334921fae1a979cf0bfdfcc6b3e5ce376ef57e16fb6fb3ea2ed6095f80c"

[[package]]
name = "linear_algebra"
version = "0.1.0"
dependencies = [
 "cublas-sys",
 "cuda-runtime-sys",
]

[[package]]
name = "pkg-config"
version = "0.3.26"
source = "registry+https://github.com/rust-lang/crates.io-index"
checksum = "6ac9a59f73473f1b8d852421e59e64809f025994837ef743615c6d0c5b305160"
